
Microsoft Visual Studio Solution File, Format Version 12.00
# Visual Studio Version 17
VisualStudioVersion = 17.13.35828.75
MinimumVisualStudioVersion = 10.0.40219.1
Project("{8BC9CEB8-8B4A-11D0-8D11-00A0C91BC942}") = "HyraxRail", "HyraxRail.vcxproj", "{0ED23473-B2F8-4C1C-A4A5-641C5E79AF9E}"
EndProject
Project("{8BC9CEB8-8B4A-11D0-8D11-00A0C91BC942}") = "math", "tests\math.vcxproj", "{4C9EE778-F764-4513-832E-CF32274CA846}"
EndProject
Project("{2150E333-8FDC-42A3-9474-1A3956D46DE8}") = "Tests", "Tests", "{02EA681E-C7D8-13C7-8484-4AC65E1B71E8}"
EndProject
Project("{2150E333-8FDC-42A3-9474-1A3956D46DE8}") = "utils", "utils", "{E7603EE2-0F6A-4991-9C02-5C69E3D99F69}"
EndProject
Project("{8BC9CEB8-8B4A-11D0-8D11-00A0C91BC942}") = "device", "tests\device.vcxproj", "{D2EA20FB-C6A8-4C47-847F-F3B09A7F41F0}"
EndProject
Project("{8BC9CEB8-8B4A-11D0-8D11-00A0C91BC942}") = "algorithm", "tests\algorithm.vcxproj", "{ECD4328D-BCA3-442C-A0BB-9DEE04377C7B}"
EndProject
Project("{8BC9CEB8-8B4A-11D0-8D11-00A0C91BC942}") = "string", "tests\string.vcxproj", "{634A3CE6-3B1E-4482-951F-2890A3501841}"
EndProject
Project("{2150E333-8FDC-42A3-9474-1A3956D46DE8}") = "ui", "ui", "{F3D6AEB3-D7EB-4959-813E-D9490D538B9F}"
EndProject
Project("{2150E333-8FDC-42A3-9474-1A3956D46DE8}") = "common", "common", "{E1A3BEC1-DC5A-486C-881F-7BAF9230949F}"
EndProject
Project("{8BC9CEB8-8B4A-11D0-8D11-00A0C91BC942}") = "utils", "tests\utils.vcxproj", "{E8C01A4E-44BD-4E4A-80BB-347CEBCEE91A}"
EndProject
Project("{8BC9CEB8-8B4A-11D0-8D11-00A0C91BC942}") = "os", "tests\os.vcxproj", "{52357F5E-811E-4AFD-AFC6-E80CAC04D110}"
EndProject
Project("{8BC9CEB8-8B4A-11D0-8D11-00A0C91BC942}") = "log", "tests\log.vcxproj", "{CC2882B7-9396-47E9-99BC-2646F403A7A3}"
EndProject
Project("{2150E333-8FDC-42A3-9474-1A3956D46DE8}") = "actuators", "actuators", "{E7490F0A-C516-41F2-88AA-42DAA36C4B20}"
EndProject
Project("{8BC9CEB8-8B4A-11D0-8D11-00A0C91BC942}") = "actuatorbutton", "tests\actuatorbutton.vcxproj", "{AA006678-FA79-4EFF-8F4D-A7DEAA7102D6}"
EndProject
Project("{8BC9CEB8-8B4A-11D0-8D11-00A0C91BC942}") = "gesture", "tests\gesture.vcxproj", "{055DA2D1-CC21-4CBB-A155-216B6FD0E0ED}"
EndProject
Project("{2150E333-8FDC-42A3-9474-1A3956D46DE8}") = "testutils_test", "testutils_test", "{FB01A98B-D8D1-46EE-8905-19DF1FB8CC8B}"
EndProject
Project("{8BC9CEB8-8B4A-11D0-8D11-00A0C91BC942}") = "logspy", "tests\logspy.vcxproj", "{8EB22F55-2D24-410B-B90B-F0060891C48D}"
EndProject
Project("{8BC9CEB8-8B4A-11D0-8D11-00A0C91BC942}") = "ui", "tests\ui.vcxproj", "{FC620C22-A863-4BDC-A8DD-031F2B4A9C9E}"
EndProject
Project("{2150E333-8FDC-42A3-9474-1A3956D46DE8}") = "layout", "layout", "{C1E18B84-F9BD-432D-A9F1-A8A327A048E6}"
EndProject
Project("{2150E333-8FDC-42A3-9474-1A3956D46DE8}") = "testutils", "testutils", "{78E57CD6-878C-44A7-855B-A53346DD19C4}"
	ProjectSection(SolutionItems) = preProject
		..\tests\cpp\testutils\logspy.hpp = ..\tests\cpp\testutils\logspy.hpp
		..\tests\cpp\testutils\ui.hpp = ..\tests\cpp\testutils\ui.hpp
	EndProjectSection
EndProject
Project("{2150E333-8FDC-42A3-9474-1A3956D46DE8}") = "ext", "ext", "{3A46997A-5986-44CE-9652-0F15770CBACB}"
	ProjectSection(SolutionItems) = preProject
		..\tests\cpp\testutils\ext\fakeit.hpp = ..\tests\cpp\testutils\ext\fakeit.hpp
	EndProjectSection
EndProject
Project("{8BC9CEB8-8B4A-11D0-8D11-00A0C91BC942}") = "actuator", "tests\actuator.vcxproj", "{E3DE023E-1E72-4360-A280-B92029A44D5C}"
EndProject
Project("{8BC9CEB8-8B4A-11D0-8D11-00A0C91BC942}") = "locomotive", "tests\locomotive.vcxproj", "{EA8CEECD-8FAB-43A4-A124-96B15AF069AD}"
EndProject
Global
	GlobalSection(SolutionConfigurationPlatforms) = preSolution
		Debug|x64 = Debug|x64
		Release|x64 = Release|x64
		Test|x64 = Test|x64
	EndGlobalSection
	GlobalSection(ProjectConfigurationPlatforms) = postSolution
		{0ED23473-B2F8-4C1C-A4A5-641C5E79AF9E}.Debug|x64.ActiveCfg = Debug|x64
		{0ED23473-B2F8-4C1C-A4A5-641C5E79AF9E}.Debug|x64.Build.0 = Debug|x64
		{0ED23473-B2F8-4C1C-A4A5-641C5E79AF9E}.Release|x64.ActiveCfg = Release|x64
		{0ED23473-B2F8-4C1C-A4A5-641C5E79AF9E}.Release|x64.Build.0 = Release|x64
		{0ED23473-B2F8-4C1C-A4A5-641C5E79AF9E}.Test|x64.ActiveCfg = Test|x64
		{0ED23473-B2F8-4C1C-A4A5-641C5E79AF9E}.Test|x64.Build.0 = Test|x64
		{4C9EE778-F764-4513-832E-CF32274CA846}.Debug|x64.ActiveCfg = Debug|x64
		{4C9EE778-F764-4513-832E-CF32274CA846}.Release|x64.ActiveCfg = Release|x64
		{4C9EE778-F764-4513-832E-CF32274CA846}.Test|x64.ActiveCfg = Test|x64
		{4C9EE778-F764-4513-832E-CF32274CA846}.Test|x64.Build.0 = Test|x64
		{D2EA20FB-C6A8-4C47-847F-F3B09A7F41F0}.Debug|x64.ActiveCfg = Debug|x64
		{D2EA20FB-C6A8-4C47-847F-F3B09A7F41F0}.Release|x64.ActiveCfg = Release|x64
		{D2EA20FB-C6A8-4C47-847F-F3B09A7F41F0}.Test|x64.ActiveCfg = Test|x64
		{D2EA20FB-C6A8-4C47-847F-F3B09A7F41F0}.Test|x64.Build.0 = Test|x64
		{ECD4328D-BCA3-442C-A0BB-9DEE04377C7B}.Debug|x64.ActiveCfg = Debug|x64
		{ECD4328D-BCA3-442C-A0BB-9DEE04377C7B}.Release|x64.ActiveCfg = Release|x64
		{ECD4328D-BCA3-442C-A0BB-9DEE04377C7B}.Test|x64.ActiveCfg = Test|x64
		{ECD4328D-BCA3-442C-A0BB-9DEE04377C7B}.Test|x64.Build.0 = Test|x64
		{634A3CE6-3B1E-4482-951F-2890A3501841}.Debug|x64.ActiveCfg = Debug|x64
		{634A3CE6-3B1E-4482-951F-2890A3501841}.Release|x64.ActiveCfg = Release|x64
		{634A3CE6-3B1E-4482-951F-2890A3501841}.Test|x64.ActiveCfg = Test|x64
		{634A3CE6-3B1E-4482-951F-2890A3501841}.Test|x64.Build.0 = Test|x64
		{E8C01A4E-44BD-4E4A-80BB-347CEBCEE91A}.Debug|x64.ActiveCfg = Debug|x64
		{E8C01A4E-44BD-4E4A-80BB-347CEBCEE91A}.Release|x64.ActiveCfg = Release|x64
		{E8C01A4E-44BD-4E4A-80BB-347CEBCEE91A}.Test|x64.ActiveCfg = Test|x64
		{E8C01A4E-44BD-4E4A-80BB-347CEBCEE91A}.Test|x64.Build.0 = Test|x64
		{52357F5E-811E-4AFD-AFC6-E80CAC04D110}.Debug|x64.ActiveCfg = Debug|x64
		{52357F5E-811E-4AFD-AFC6-E80CAC04D110}.Release|x64.ActiveCfg = Release|x64
		{52357F5E-811E-4AFD-AFC6-E80CAC04D110}.Test|x64.ActiveCfg = Test|x64
		{52357F5E-811E-4AFD-AFC6-E80CAC04D110}.Test|x64.Build.0 = Test|x64
		{CC2882B7-9396-47E9-99BC-2646F403A7A3}.Debug|x64.ActiveCfg = Debug|x64
		{CC2882B7-9396-47E9-99BC-2646F403A7A3}.Release|x64.ActiveCfg = Release|x64
		{CC2882B7-9396-47E9-99BC-2646F403A7A3}.Test|x64.ActiveCfg = Test|x64
		{CC2882B7-9396-47E9-99BC-2646F403A7A3}.Test|x64.Build.0 = Test|x64
		{AA006678-FA79-4EFF-8F4D-A7DEAA7102D6}.Debug|x64.ActiveCfg = Debug|x64
		{AA006678-FA79-4EFF-8F4D-A7DEAA7102D6}.Release|x64.ActiveCfg = Release|x64
		{AA006678-FA79-4EFF-8F4D-A7DEAA7102D6}.Test|x64.ActiveCfg = Test|x64
		{AA006678-FA79-4EFF-8F4D-A7DEAA7102D6}.Test|x64.Build.0 = Test|x64
		{055DA2D1-CC21-4CBB-A155-216B6FD0E0ED}.Debug|x64.ActiveCfg = Debug|x64
		{055DA2D1-CC21-4CBB-A155-216B6FD0E0ED}.Release|x64.ActiveCfg = Release|x64
		{055DA2D1-CC21-4CBB-A155-216B6FD0E0ED}.Test|x64.ActiveCfg = Test|x64
		{055DA2D1-CC21-4CBB-A155-216B6FD0E0ED}.Test|x64.Build.0 = Test|x64
		{8EB22F55-2D24-410B-B90B-F0060891C48D}.Debug|x64.ActiveCfg = Debug|x64
		{8EB22F55-2D24-410B-B90B-F0060891C48D}.Release|x64.ActiveCfg = Release|x64
		{8EB22F55-2D24-410B-B90B-F0060891C48D}.Test|x64.ActiveCfg = Test|x64
		{8EB22F55-2D24-410B-B90B-F0060891C48D}.Test|x64.Build.0 = Test|x64
		{FC620C22-A863-4BDC-A8DD-031F2B4A9C9E}.Debug|x64.ActiveCfg = Debug|x64
		{FC620C22-A863-4BDC-A8DD-031F2B4A9C9E}.Release|x64.ActiveCfg = Release|x64
		{FC620C22-A863-4BDC-A8DD-031F2B4A9C9E}.Test|x64.ActiveCfg = Test|x64
		{FC620C22-A863-4BDC-A8DD-031F2B4A9C9E}.Test|x64.Build.0 = Test|x64
		{E3DE023E-1E72-4360-A280-B92029A44D5C}.Debug|x64.ActiveCfg = Debug|x64
		{E3DE023E-1E72-4360-A280-B92029A44D5C}.Release|x64.ActiveCfg = Release|x64
		{E3DE023E-1E72-4360-A280-B92029A44D5C}.Test|x64.ActiveCfg = Test|x64
		{E3DE023E-1E72-4360-A280-B92029A44D5C}.Test|x64.Build.0 = Test|x64
		{EA8CEECD-8FAB-43A4-A124-96B15AF069AD}.Debug|x64.ActiveCfg = Debug|x64
		{EA8CEECD-8FAB-43A4-A124-96B15AF069AD}.Release|x64.ActiveCfg = Release|x64
		{EA8CEECD-8FAB-43A4-A124-96B15AF069AD}.Test|x64.ActiveCfg = Test|x64
		{EA8CEECD-8FAB-43A4-A124-96B15AF069AD}.Test|x64.Build.0 = Test|x64
	EndGlobalSection
	GlobalSection(SolutionProperties) = preSolution
		HideSolutionNode = FALSE
	EndGlobalSection
	GlobalSection(NestedProjects) = preSolution
		{4C9EE778-F764-4513-832E-CF32274CA846} = {E7603EE2-0F6A-4991-9C02-5C69E3D99F69}
		{E7603EE2-0F6A-4991-9C02-5C69E3D99F69} = {02EA681E-C7D8-13C7-8484-4AC65E1B71E8}
		{D2EA20FB-C6A8-4C47-847F-F3B09A7F41F0} = {E7603EE2-0F6A-4991-9C02-5C69E3D99F69}
		{ECD4328D-BCA3-442C-A0BB-9DEE04377C7B} = {E7603EE2-0F6A-4991-9C02-5C69E3D99F69}
		{634A3CE6-3B1E-4482-951F-2890A3501841} = {E7603EE2-0F6A-4991-9C02-5C69E3D99F69}
		{F3D6AEB3-D7EB-4959-813E-D9490D538B9F} = {02EA681E-C7D8-13C7-8484-4AC65E1B71E8}
		{E1A3BEC1-DC5A-486C-881F-7BAF9230949F} = {F3D6AEB3-D7EB-4959-813E-D9490D538B9F}
		{E8C01A4E-44BD-4E4A-80BB-347CEBCEE91A} = {E1A3BEC1-DC5A-486C-881F-7BAF9230949F}
		{52357F5E-811E-4AFD-AFC6-E80CAC04D110} = {E7603EE2-0F6A-4991-9C02-5C69E3D99F69}
		{CC2882B7-9396-47E9-99BC-2646F403A7A3} = {E7603EE2-0F6A-4991-9C02-5C69E3D99F69}
		{E7490F0A-C516-41F2-88AA-42DAA36C4B20} = {F3D6AEB3-D7EB-4959-813E-D9490D538B9F}
		{AA006678-FA79-4EFF-8F4D-A7DEAA7102D6} = {E7490F0A-C516-41F2-88AA-42DAA36C4B20}
		{055DA2D1-CC21-4CBB-A155-216B6FD0E0ED} = {E1A3BEC1-DC5A-486C-881F-7BAF9230949F}
		{FB01A98B-D8D1-46EE-8905-19DF1FB8CC8B} = {02EA681E-C7D8-13C7-8484-4AC65E1B71E8}
		{8EB22F55-2D24-410B-B90B-F0060891C48D} = {FB01A98B-D8D1-46EE-8905-19DF1FB8CC8B}
		{FC620C22-A863-4BDC-A8DD-031F2B4A9C9E} = {FB01A98B-D8D1-46EE-8905-19DF1FB8CC8B}
		{C1E18B84-F9BD-432D-A9F1-A8A327A048E6} = {02EA681E-C7D8-13C7-8484-4AC65E1B71E8}
		{78E57CD6-878C-44A7-855B-A53346DD19C4} = {02EA681E-C7D8-13C7-8484-4AC65E1B71E8}
		{3A46997A-5986-44CE-9652-0F15770CBACB} = {78E57CD6-878C-44A7-855B-A53346DD19C4}
		{E3DE023E-1E72-4360-A280-B92029A44D5C} = {C1E18B84-F9BD-432D-A9F1-A8A327A048E6}
		{EA8CEECD-8FAB-43A4-A124-96B15AF069AD} = {C1E18B84-F9BD-432D-A9F1-A8A327A048E6}
	EndGlobalSection
	GlobalSection(ExtensibilityGlobals) = postSolution
		SolutionGuid = {4ACFF0E3-DFF5-489E-866F-8829724F0C54}
	EndGlobalSection
EndGlobal
