
Microsoft Visual Studio Solution File, Format Version 12.00
# Visual Studio Version 17
VisualStudioVersion = 17.13.35828.75
MinimumVisualStudioVersion = 10.0.40219.1
Project("{8BC9CEB8-8B4A-11D0-8D11-00A0C91BC942}") = "HyraxRail", "HyraxRail.vcxproj", "{0ED23473-B2F8-4C1C-A4A5-641C5E79AF9E}"
EndProject
Project("{8BC9CEB8-8B4A-11D0-8D11-00A0C91BC942}") = "math", "tests\math.vcxproj", "{4C9EE778-F764-4513-832E-CF32274CA846}"
EndProject
Project("{2150E333-8FDC-42A3-9474-1A3956D46DE8}") = "Tests", "Tests", "{02EA681E-C7D8-13C7-8484-4AC65E1B71E8}"
EndProject
Project("{2150E333-8FDC-42A3-9474-1A3956D46DE8}") = "utils", "utils", "{E7603EE2-0F6A-4991-9C02-5C69E3D99F69}"
EndProject
Project("{8BC9CEB8-8B4A-11D0-8D11-00A0C91BC942}") = "device", "tests\device.vcxproj", "{D2EA20FB-C6A8-4C47-847F-F3B09A7F41F0}"
EndProject
Project("{8BC9CEB8-8B4A-11D0-8D11-00A0C91BC942}") = "algorithm", "tests\algorithm.vcxproj", "{ECD4328D-BCA3-442C-A0BB-9DEE04377C7B}"
EndProject
Project("{8BC9CEB8-8B4A-11D0-8D11-00A0C91BC942}") = "string", "tests\string.vcxproj", "{634A3CE6-3B1E-4482-951F-2890A3501841}"
EndProject
Project("{2150E333-8FDC-42A3-9474-1A3956D46DE8}") = "ui", "ui", "{F3D6AEB3-D7EB-4959-813E-D9490D538B9F}"
EndProject
Project("{2150E333-8FDC-42A3-9474-1A3956D46DE8}") = "common", "common", "{E1A3BEC1-DC5A-486C-881F-7BAF9230949F}"
EndProject
Project("{8BC9CEB8-8B4A-11D0-8D11-00A0C91BC942}") = "utils", "tests\utils.vcxproj", "{E8C01A4E-44BD-4E4A-80BB-347CEBCEE91A}"
EndProject
Global
	GlobalSection(SolutionConfigurationPlatforms) = preSolution
		Debug|x64 = Debug|x64
		Release|x64 = Release|x64
		Test|x64 = Test|x64
	EndGlobalSection
	GlobalSection(ProjectConfigurationPlatforms) = postSolution
		{0ED23473-B2F8-4C1C-A4A5-641C5E79AF9E}.Debug|x64.ActiveCfg = Debug|x64
		{0ED23473-B2F8-4C1C-A4A5-641C5E79AF9E}.Debug|x64.Build.0 = Debug|x64
		{0ED23473-B2F8-4C1C-A4A5-641C5E79AF9E}.Release|x64.ActiveCfg = Release|x64
		{0ED23473-B2F8-4C1C-A4A5-641C5E79AF9E}.Release|x64.Build.0 = Release|x64
		{0ED23473-B2F8-4C1C-A4A5-641C5E79AF9E}.Test|x64.ActiveCfg = Test|x64
		{0ED23473-B2F8-4C1C-A4A5-641C5E79AF9E}.Test|x64.Build.0 = Test|x64
		{4C9EE778-F764-4513-832E-CF32274CA846}.Debug|x64.ActiveCfg = Debug|x64
		{4C9EE778-F764-4513-832E-CF32274CA846}.Release|x64.ActiveCfg = Release|x64
		{4C9EE778-F764-4513-832E-CF32274CA846}.Test|x64.ActiveCfg = Test|x64
		{4C9EE778-F764-4513-832E-CF32274CA846}.Test|x64.Build.0 = Test|x64
		{D2EA20FB-C6A8-4C47-847F-F3B09A7F41F0}.Debug|x64.ActiveCfg = Debug|x64
		{D2EA20FB-C6A8-4C47-847F-F3B09A7F41F0}.Release|x64.ActiveCfg = Release|x64
		{D2EA20FB-C6A8-4C47-847F-F3B09A7F41F0}.Test|x64.ActiveCfg = Test|x64
		{D2EA20FB-C6A8-4C47-847F-F3B09A7F41F0}.Test|x64.Build.0 = Test|x64
		{ECD4328D-BCA3-442C-A0BB-9DEE04377C7B}.Debug|x64.ActiveCfg = Debug|x64
		{ECD4328D-BCA3-442C-A0BB-9DEE04377C7B}.Release|x64.ActiveCfg = Release|x64
		{ECD4328D-BCA3-442C-A0BB-9DEE04377C7B}.Test|x64.ActiveCfg = Test|x64
		{ECD4328D-BCA3-442C-A0BB-9DEE04377C7B}.Test|x64.Build.0 = Test|x64
		{634A3CE6-3B1E-4482-951F-2890A3501841}.Debug|x64.ActiveCfg = Debug|x64
		{634A3CE6-3B1E-4482-951F-2890A3501841}.Release|x64.ActiveCfg = Release|x64
		{634A3CE6-3B1E-4482-951F-2890A3501841}.Test|x64.ActiveCfg = Test|x64
		{634A3CE6-3B1E-4482-951F-2890A3501841}.Test|x64.Build.0 = Test|x64
		{E8C01A4E-44BD-4E4A-80BB-347CEBCEE91A}.Debug|x64.ActiveCfg = Debug|x64
		{E8C01A4E-44BD-4E4A-80BB-347CEBCEE91A}.Release|x64.ActiveCfg = Release|x64
		{E8C01A4E-44BD-4E4A-80BB-347CEBCEE91A}.Test|x64.ActiveCfg = Test|x64
		{E8C01A4E-44BD-4E4A-80BB-347CEBCEE91A}.Test|x64.Build.0 = Test|x64
	EndGlobalSection
	GlobalSection(SolutionProperties) = preSolution
		HideSolutionNode = FALSE
	EndGlobalSection
	GlobalSection(NestedProjects) = preSolution
		{4C9EE778-F764-4513-832E-CF32274CA846} = {E7603EE2-0F6A-4991-9C02-5C69E3D99F69}
		{E7603EE2-0F6A-4991-9C02-5C69E3D99F69} = {02EA681E-C7D8-13C7-8484-4AC65E1B71E8}
		{D2EA20FB-C6A8-4C47-847F-F3B09A7F41F0} = {E7603EE2-0F6A-4991-9C02-5C69E3D99F69}
		{ECD4328D-BCA3-442C-A0BB-9DEE04377C7B} = {E7603EE2-0F6A-4991-9C02-5C69E3D99F69}
		{634A3CE6-3B1E-4482-951F-2890A3501841} = {E7603EE2-0F6A-4991-9C02-5C69E3D99F69}
		{F3D6AEB3-D7EB-4959-813E-D9490D538B9F} = {02EA681E-C7D8-13C7-8484-4AC65E1B71E8}
		{E1A3BEC1-DC5A-486C-881F-7BAF9230949F} = {F3D6AEB3-D7EB-4959-813E-D9490D538B9F}
		{E8C01A4E-44BD-4E4A-80BB-347CEBCEE91A} = {E1A3BEC1-DC5A-486C-881F-7BAF9230949F}
	EndGlobalSection
	GlobalSection(ExtensibilityGlobals) = postSolution
		SolutionGuid = {4ACFF0E3-DFF5-489E-866F-8829724F0C54}
	EndGlobalSection
EndGlobal
